
Microsoft Visual Studio Solution File, Format Version 12.00
# Visual Studio Version 17
VisualStudioVersion = 17.11.35312.102
MinimumVisualStudioVersion = 10.0.40219.1
Project("{FAE04EC0-301F-11D3-BF4B-00C04F79EFBC}") = "inf04_2022_06_02ConsoleApp", "inf04_2022_06_02ConsoleApp\inf04_2022_06_02ConsoleApp.csproj", "{6652B40D-DEF9-48A8-B7B0-5FFDECFB858F}"
EndProject
Global
	GlobalSection(SolutionConfigurationPlatforms) = preSolution
		Debug|Any CPU = Debug|Any CPU
		Release|Any CPU = Release|Any CPU
	EndGlobalSection
	GlobalSection(ProjectConfigurationPlatforms) = postSolution
		{6652B40D-DEF9-48A8-B7B0-5FFDECFB858F}.Debug|Any CPU.ActiveCfg = Debug|Any CPU
		{6652B40D-DEF9-48A8-B7B0-5FFDECFB858F}.Debug|Any CPU.Build.0 = Debug|Any CPU
		{6652B40D-DEF9-48A8-B7B0-5FFDECFB858F}.Release|Any CPU.ActiveCfg = Release|Any CPU
		{6652B40D-DEF9-48A8-B7B0-5FFDECFB858F}.Release|Any CPU.Build.0 = Release|Any CPU
	EndGlobalSection
	GlobalSection(SolutionProperties) = preSolution
		HideSolutionNode = FALSE
	EndGlobalSection
	GlobalSection(ExtensibilityGlobals) = postSolution
		SolutionGuid = {957E46E0-0656-4033-8B94-30BC9591C9FA}
	EndGlobalSection
EndGlobal
