
Microsoft Visual Studio Solution File, Format Version 12.00
# Visual Studio Version 17
VisualStudioVersion = 17.7.34024.191
MinimumVisualStudioVersion = 10.0.40219.1
Project("{FAE04EC0-301F-11D3-BF4B-00C04F79EFBC}") = "Pierwszy projekt", "Pierwszy projekt\Pierwszy projekt.csproj", "{27D92294-2B71-45D7-BD18-3D738D59A583}"
EndProject
Project("{FAE04EC0-301F-11D3-BF4B-00C04F79EFBC}") = "DaneOsobowe", "DaneOsobowe\DaneOsobowe.csproj", "{9A9728E6-979E-4EB7-9AEF-787DD63709CD}"
EndProject
Project("{FAE04EC0-301F-11D3-BF4B-00C04F79EFBC}") = "Konstruktory", "Konstruktory\Konstruktory.csproj", "{CC9FCF0F-95E2-4FD5-9F13-9B621747BE26}"
EndProject
Project("{FAE04EC0-301F-11D3-BF4B-00C04F79EFBC}") = "Dziedziczenie", "Dziedziczenie\Dziedziczenie.csproj", "{D7257889-E2F9-4369-BE11-A85A58F47986}"
EndProject
Project("{FAE04EC0-301F-11D3-BF4B-00C04F79EFBC}") = "Ulamki", "Ulamki\Ulamki.csproj", "{017F0E28-C24B-4375-8AE3-EA54F386EDA9}"
EndProject
Project("{9A19103F-16F7-4668-BE54-9A1E7A4F7556}") = "Obsługa błedów", "Obsługa błedów\Obsługa błedów.csproj", "{14CF34E2-3C9E-4791-8B42-9FDACEC8C6A2}"
EndProject
Project("{9A19103F-16F7-4668-BE54-9A1E7A4F7556}") = "Przetwarzanie numeru pesel", "Przetwarzanie numeru pesel\Przetwarzanie numeru pesel.csproj", "{135C900B-2E90-446C-A071-C0501BCC32EE}"
EndProject
Project("{9A19103F-16F7-4668-BE54-9A1E7A4F7556}") = "Delegaty", "Delegaty\Delegaty.csproj", "{A72B4EBC-8C68-43B3-A0AE-ECE35894AC6A}"
EndProject
Project("{9A19103F-16F7-4668-BE54-9A1E7A4F7556}") = "Kolekcje", "Kolekcje\Kolekcje.csproj", "{3D27A825-7D6C-4895-98DC-6038EE000C2C}"
EndProject
Project("{2150E333-8FDC-42A3-9474-1A3956D46DE8}") = "Console", "Console", "{95309561-DBC9-4C2B-B647-5E2EB80BE712}"
EndProject
Project("{2150E333-8FDC-42A3-9474-1A3956D46DE8}") = "WinForms", "WinForms", "{5839812A-A60F-4398-81F8-984A0894F4B1}"
EndProject
Project("{9A19103F-16F7-4668-BE54-9A1E7A4F7556}") = "FirstWinFormsApp", "FirstWinFormsApp\FirstWinFormsApp.csproj", "{14E7EDE8-D791-4ACC-942C-5710C26AAF3D}"
EndProject
Project("{9A19103F-16F7-4668-BE54-9A1E7A4F7556}") = "SimpleCalculatorApp", "SimpleCalculatorApp\SimpleCalculatorApp.csproj", "{66CFB9DC-B671-4185-A672-8BDE603B6C66}"
EndProject
Project("{9A19103F-16F7-4668-BE54-9A1E7A4F7556}") = "TicTacToeWinFormApp", "TicTacToeWinFormApp\TicTacToeWinFormApp.csproj", "{15580D8E-9F60-4F3E-8508-221AF03238F5}"
EndProject
Project("{2150E333-8FDC-42A3-9474-1A3956D46DE8}") = "WPF", "WPF", "{64971A0E-2BED-4CF8-AFC9-19D9D58DE171}"
EndProject
Project("{9A19103F-16F7-4668-BE54-9A1E7A4F7556}") = "FirstWpfApp", "FirstWpfApp\FirstWpfApp.csproj", "{BD4C80FA-4DEF-4CF1-B1EF-AE8B60575EFA}"
EndProject
Project("{2150E333-8FDC-42A3-9474-1A3956D46DE8}") = "01.Pierwsza aplikacja", "01.Pierwsza aplikacja", "{EA828C8D-E08F-42B8-B7ED-E4EAA0E6568D}"
EndProject
Project("{2150E333-8FDC-42A3-9474-1A3956D46DE8}") = "02.Kontenery", "02.Kontenery", "{8E3F8882-A620-4130-9415-CA97678A3423}"
EndProject
Project("{9A19103F-16F7-4668-BE54-9A1E7A4F7556}") = "KonteneryApp", "KonteneryApp\KonteneryApp.csproj", "{AD3B0293-0432-4C0C-AB92-63DC632DD252}"
EndProject
Project("{2150E333-8FDC-42A3-9474-1A3956D46DE8}") = "Bindowanie", "Bindowanie", "{1B684129-94D8-40A8-B2E4-4E2E5605749F}"
EndProject
Project("{9A19103F-16F7-4668-BE54-9A1E7A4F7556}") = "BindowanieWPFApp", "BindowanieWPFApp\BindowanieWPFApp.csproj", "{1F18A033-6F69-4DA4-A67E-79472FFAE362}"
EndProject
Project("{9A19103F-16F7-4668-BE54-9A1E7A4F7556}") = "ComboboxWpfApp", "ComboboxWpfApp\ComboboxWpfApp.csproj", "{87931C8F-94A8-4DD3-AD9B-4A5348CF038B}"
EndProject
Project("{2150E333-8FDC-42A3-9474-1A3956D46DE8}") = "00Zadania", "00Zadania", "{5D53E123-7831-4EFB-A4DD-FC693193A32E}"
EndProject
Project("{9A19103F-16F7-4668-BE54-9A1E7A4F7556}") = "firstTaskWpfApp", "firstTaskWpfApp\firstTaskWpfApp.csproj", "{743DEA06-01D0-48DD-85EC-A8965C744B64}"
EndProject
Project("{9A19103F-16F7-4668-BE54-9A1E7A4F7556}") = "kalkulator_bmi", "kalkulator_bmi\kalkulator_bmi.csproj", "{7554B6D6-4878-4997-8901-9DCDF0D803F9}"
EndProject
Project("{9A19103F-16F7-4668-BE54-9A1E7A4F7556}") = "ConvertersWpfApp", "ConvertersWpfApp\ConvertersWpfApp.csproj", "{E49FA3A8-8AE3-4B55-B42B-FF7D37A976FE}"
EndProject
Project("{2150E333-8FDC-42A3-9474-1A3956D46DE8}") = "05.Wzorzec Projektowy MVVM", "05.Wzorzec Projektowy MVVM", "{128FDE1D-0954-4DB9-83C4-B438E04ABE79}"
EndProject
Project("{9A19103F-16F7-4668-BE54-9A1E7A4F7556}") = "SimpleCalculatorMVVMWpfApp", "SimpleCalculatorMVVMWpfApp\SimpleCalculatorMVVMWpfApp.csproj", "{50F1403D-C852-4CFA-AA9F-3E4A391CAE63}"
EndProject
Project("{9A19103F-16F7-4668-BE54-9A1E7A4F7556}") = "UtilsWpf", "UtilsWpf\UtilsWpf.csproj", "{B0E6A07C-083A-4690-B720-D7473B45FAA4}"
EndProject
Project("{9A19103F-16F7-4668-BE54-9A1E7A4F7556}") = "PersionalQuestionnaireWpfApp", "PersionalQuestionnaireWpfApp\PersionalQuestionnaireWpfApp.csproj", "{4B7957AA-8A2F-4F35-AE94-59347A805B3A}"
EndProject
Project("{9A19103F-16F7-4668-BE54-9A1E7A4F7556}") = "Aplikacja_slownikowaWPF", "Aplikacja_slownikowaWPF\Aplikacja_slownikowaWPF.csproj", "{D232743B-098A-4352-AB12-42738598D956}"
EndProject
Project("{9A19103F-16F7-4668-BE54-9A1E7A4F7556}") = "kółko_i_krzyżyk", "kółko_i_krzyżyk\kółko_i_krzyżyk.csproj", "{9F858F87-6115-4BBA-82AB-DE217921E64E}"
EndProject
Project("{9A19103F-16F7-4668-BE54-9A1E7A4F7556}") = "desktop", "desktop\desktop.csproj", "{307ECFD8-BA5F-48CC-8458-03CC2C2311FE}"
EndProject
Project("{2150E333-8FDC-42A3-9474-1A3956D46DE8}") = "Xamarin", "Xamarin", "{9D161D05-43AB-4EB4-904E-C55370CD57A7}"
EndProject
Project("{2150E333-8FDC-42A3-9474-1A3956D46DE8}") = "01 FirstMobileApp", "01 FirstMobileApp", "{18B076A7-F9D6-4357-B98C-163C5EE50B73}"
EndProject
Project("{FAE04EC0-301F-11D3-BF4B-00C04F79EFBC}") = "FirstApp.Android", "FirstApp\FirstApp.Android\FirstApp.Android.csproj", "{05ED7C27-F77C-4E78-A72D-5DE06E83947E}"
EndProject
Project("{FAE04EC0-301F-11D3-BF4B-00C04F79EFBC}") = "FirstApp.iOS", "FirstApp\FirstApp.iOS\FirstApp.iOS.csproj", "{5E09A2FC-4769-4606-B4D9-E3FA482979A7}"
EndProject
Project("{9A19103F-16F7-4668-BE54-9A1E7A4F7556}") = "FirstApp", "FirstApp\FirstApp\FirstApp.csproj", "{F783B7D3-FFFD-4362-8DE4-D152350961DC}"
EndProject
Project("{2150E333-8FDC-42A3-9474-1A3956D46DE8}") = "00 Zadania", "00 Zadania", "{8570B614-07D2-437D-B921-D60CE3E05565}"
EndProject
Project("{FAE04EC0-301F-11D3-BF4B-00C04F79EFBC}") = "Clicker.Android", "Clicker\Clicker.Android\Clicker.Android.csproj", "{9BB5711D-A593-4A5A-83CE-DE87CF7CD2BF}"
EndProject
Project("{9A19103F-16F7-4668-BE54-9A1E7A4F7556}") = "Clicker", "Clicker\Clicker\Clicker.csproj", "{D2767A50-88B4-475B-8142-9223A2732833}"
EndProject
Project("{2150E333-8FDC-42A3-9474-1A3956D46DE8}") = "02 Nawigacja", "02 Nawigacja", "{8DF4D807-99F4-4823-ABBE-A9AE998142EA}"
EndProject
Project("{FAE04EC0-301F-11D3-BF4B-00C04F79EFBC}") = "NavigationApp.Android", "NavigationApp\NavigationApp.Android\NavigationApp.Android.csproj", "{5517C3D9-D40D-449B-BB30-DC19D03619D0}"
EndProject
Project("{9A19103F-16F7-4668-BE54-9A1E7A4F7556}") = "NavigationApp", "NavigationApp\NavigationApp\NavigationApp.csproj", "{5B5B0E08-5A24-410D-9E9E-EDAF400D19BA}"
EndProject
Project("{FAE04EC0-301F-11D3-BF4B-00C04F79EFBC}") = "ListaApp.Android", "ListaApp\ListaApp.Android\ListaApp.Android.csproj", "{3E00BD22-5635-47A7-84DC-5755ABD33BCA}"
EndProject
Project("{FAE04EC0-301F-11D3-BF4B-00C04F79EFBC}") = "ListaApp", "ListaApp\ListaApp\ListaApp.csproj", "{AF017659-4664-4FF5-B496-1FA69AF99F10}"
EndProject
Global
	GlobalSection(SolutionConfigurationPlatforms) = preSolution
		Debug|Any CPU = Debug|Any CPU
		Debug|iPhone = Debug|iPhone
		Debug|iPhoneSimulator = Debug|iPhoneSimulator
		Release|Any CPU = Release|Any CPU
		Release|iPhone = Release|iPhone
		Release|iPhoneSimulator = Release|iPhoneSimulator
	EndGlobalSection
	GlobalSection(ProjectConfigurationPlatforms) = postSolution
		{27D92294-2B71-45D7-BD18-3D738D59A583}.Debug|Any CPU.ActiveCfg = Debug|Any CPU
		{27D92294-2B71-45D7-BD18-3D738D59A583}.Debug|Any CPU.Build.0 = Debug|Any CPU
		{27D92294-2B71-45D7-BD18-3D738D59A583}.Debug|iPhone.ActiveCfg = Debug|Any CPU
		{27D92294-2B71-45D7-BD18-3D738D59A583}.Debug|iPhone.Build.0 = Debug|Any CPU
		{27D92294-2B71-45D7-BD18-3D738D59A583}.Debug|iPhoneSimulator.ActiveCfg = Debug|Any CPU
		{27D92294-2B71-45D7-BD18-3D738D59A583}.Debug|iPhoneSimulator.Build.0 = Debug|Any CPU
		{27D92294-2B71-45D7-BD18-3D738D59A583}.Release|Any CPU.ActiveCfg = Release|Any CPU
		{27D92294-2B71-45D7-BD18-3D738D59A583}.Release|Any CPU.Build.0 = Release|Any CPU
		{27D92294-2B71-45D7-BD18-3D738D59A583}.Release|iPhone.ActiveCfg = Release|Any CPU
		{27D92294-2B71-45D7-BD18-3D738D59A583}.Release|iPhone.Build.0 = Release|Any CPU
		{27D92294-2B71-45D7-BD18-3D738D59A583}.Release|iPhoneSimulator.ActiveCfg = Release|Any CPU
		{27D92294-2B71-45D7-BD18-3D738D59A583}.Release|iPhoneSimulator.Build.0 = Release|Any CPU
		{9A9728E6-979E-4EB7-9AEF-787DD63709CD}.Debug|Any CPU.ActiveCfg = Debug|Any CPU
		{9A9728E6-979E-4EB7-9AEF-787DD63709CD}.Debug|Any CPU.Build.0 = Debug|Any CPU
		{9A9728E6-979E-4EB7-9AEF-787DD63709CD}.Debug|iPhone.ActiveCfg = Debug|Any CPU
		{9A9728E6-979E-4EB7-9AEF-787DD63709CD}.Debug|iPhone.Build.0 = Debug|Any CPU
		{9A9728E6-979E-4EB7-9AEF-787DD63709CD}.Debug|iPhoneSimulator.ActiveCfg = Debug|Any CPU
		{9A9728E6-979E-4EB7-9AEF-787DD63709CD}.Debug|iPhoneSimulator.Build.0 = Debug|Any CPU
		{9A9728E6-979E-4EB7-9AEF-787DD63709CD}.Release|Any CPU.ActiveCfg = Release|Any CPU
		{9A9728E6-979E-4EB7-9AEF-787DD63709CD}.Release|Any CPU.Build.0 = Release|Any CPU
		{9A9728E6-979E-4EB7-9AEF-787DD63709CD}.Release|iPhone.ActiveCfg = Release|Any CPU
		{9A9728E6-979E-4EB7-9AEF-787DD63709CD}.Release|iPhone.Build.0 = Release|Any CPU
		{9A9728E6-979E-4EB7-9AEF-787DD63709CD}.Release|iPhoneSimulator.ActiveCfg = Release|Any CPU
		{9A9728E6-979E-4EB7-9AEF-787DD63709CD}.Release|iPhoneSimulator.Build.0 = Release|Any CPU
		{CC9FCF0F-95E2-4FD5-9F13-9B621747BE26}.Debug|Any CPU.ActiveCfg = Debug|Any CPU
		{CC9FCF0F-95E2-4FD5-9F13-9B621747BE26}.Debug|Any CPU.Build.0 = Debug|Any CPU
		{CC9FCF0F-95E2-4FD5-9F13-9B621747BE26}.Debug|iPhone.ActiveCfg = Debug|Any CPU
		{CC9FCF0F-95E2-4FD5-9F13-9B621747BE26}.Debug|iPhone.Build.0 = Debug|Any CPU
		{CC9FCF0F-95E2-4FD5-9F13-9B621747BE26}.Debug|iPhoneSimulator.ActiveCfg = Debug|Any CPU
		{CC9FCF0F-95E2-4FD5-9F13-9B621747BE26}.Debug|iPhoneSimulator.Build.0 = Debug|Any CPU
		{CC9FCF0F-95E2-4FD5-9F13-9B621747BE26}.Release|Any CPU.ActiveCfg = Release|Any CPU
		{CC9FCF0F-95E2-4FD5-9F13-9B621747BE26}.Release|Any CPU.Build.0 = Release|Any CPU
		{CC9FCF0F-95E2-4FD5-9F13-9B621747BE26}.Release|iPhone.ActiveCfg = Release|Any CPU
		{CC9FCF0F-95E2-4FD5-9F13-9B621747BE26}.Release|iPhone.Build.0 = Release|Any CPU
		{CC9FCF0F-95E2-4FD5-9F13-9B621747BE26}.Release|iPhoneSimulator.ActiveCfg = Release|Any CPU
		{CC9FCF0F-95E2-4FD5-9F13-9B621747BE26}.Release|iPhoneSimulator.Build.0 = Release|Any CPU
		{D7257889-E2F9-4369-BE11-A85A58F47986}.Debug|Any CPU.ActiveCfg = Debug|Any CPU
		{D7257889-E2F9-4369-BE11-A85A58F47986}.Debug|Any CPU.Build.0 = Debug|Any CPU
		{D7257889-E2F9-4369-BE11-A85A58F47986}.Debug|iPhone.ActiveCfg = Debug|Any CPU
		{D7257889-E2F9-4369-BE11-A85A58F47986}.Debug|iPhone.Build.0 = Debug|Any CPU
		{D7257889-E2F9-4369-BE11-A85A58F47986}.Debug|iPhoneSimulator.ActiveCfg = Debug|Any CPU
		{D7257889-E2F9-4369-BE11-A85A58F47986}.Debug|iPhoneSimulator.Build.0 = Debug|Any CPU
		{D7257889-E2F9-4369-BE11-A85A58F47986}.Release|Any CPU.ActiveCfg = Release|Any CPU
		{D7257889-E2F9-4369-BE11-A85A58F47986}.Release|Any CPU.Build.0 = Release|Any CPU
		{D7257889-E2F9-4369-BE11-A85A58F47986}.Release|iPhone.ActiveCfg = Release|Any CPU
		{D7257889-E2F9-4369-BE11-A85A58F47986}.Release|iPhone.Build.0 = Release|Any CPU
		{D7257889-E2F9-4369-BE11-A85A58F47986}.Release|iPhoneSimulator.ActiveCfg = Release|Any CPU
		{D7257889-E2F9-4369-BE11-A85A58F47986}.Release|iPhoneSimulator.Build.0 = Release|Any CPU
		{017F0E28-C24B-4375-8AE3-EA54F386EDA9}.Debug|Any CPU.ActiveCfg = Debug|Any CPU
		{017F0E28-C24B-4375-8AE3-EA54F386EDA9}.Debug|Any CPU.Build.0 = Debug|Any CPU
		{017F0E28-C24B-4375-8AE3-EA54F386EDA9}.Debug|iPhone.ActiveCfg = Debug|Any CPU
		{017F0E28-C24B-4375-8AE3-EA54F386EDA9}.Debug|iPhone.Build.0 = Debug|Any CPU
		{017F0E28-C24B-4375-8AE3-EA54F386EDA9}.Debug|iPhoneSimulator.ActiveCfg = Debug|Any CPU
		{017F0E28-C24B-4375-8AE3-EA54F386EDA9}.Debug|iPhoneSimulator.Build.0 = Debug|Any CPU
		{017F0E28-C24B-4375-8AE3-EA54F386EDA9}.Release|Any CPU.ActiveCfg = Release|Any CPU
		{017F0E28-C24B-4375-8AE3-EA54F386EDA9}.Release|Any CPU.Build.0 = Release|Any CPU
		{017F0E28-C24B-4375-8AE3-EA54F386EDA9}.Release|iPhone.ActiveCfg = Release|Any CPU
		{017F0E28-C24B-4375-8AE3-EA54F386EDA9}.Release|iPhone.Build.0 = Release|Any CPU
		{017F0E28-C24B-4375-8AE3-EA54F386EDA9}.Release|iPhoneSimulator.ActiveCfg = Release|Any CPU
		{017F0E28-C24B-4375-8AE3-EA54F386EDA9}.Release|iPhoneSimulator.Build.0 = Release|Any CPU
		{14CF34E2-3C9E-4791-8B42-9FDACEC8C6A2}.Debug|Any CPU.ActiveCfg = Debug|Any CPU
		{14CF34E2-3C9E-4791-8B42-9FDACEC8C6A2}.Debug|Any CPU.Build.0 = Debug|Any CPU
		{14CF34E2-3C9E-4791-8B42-9FDACEC8C6A2}.Debug|iPhone.ActiveCfg = Debug|Any CPU
		{14CF34E2-3C9E-4791-8B42-9FDACEC8C6A2}.Debug|iPhone.Build.0 = Debug|Any CPU
		{14CF34E2-3C9E-4791-8B42-9FDACEC8C6A2}.Debug|iPhoneSimulator.ActiveCfg = Debug|Any CPU
		{14CF34E2-3C9E-4791-8B42-9FDACEC8C6A2}.Debug|iPhoneSimulator.Build.0 = Debug|Any CPU
		{14CF34E2-3C9E-4791-8B42-9FDACEC8C6A2}.Release|Any CPU.ActiveCfg = Release|Any CPU
		{14CF34E2-3C9E-4791-8B42-9FDACEC8C6A2}.Release|Any CPU.Build.0 = Release|Any CPU
		{14CF34E2-3C9E-4791-8B42-9FDACEC8C6A2}.Release|iPhone.ActiveCfg = Release|Any CPU
		{14CF34E2-3C9E-4791-8B42-9FDACEC8C6A2}.Release|iPhone.Build.0 = Release|Any CPU
		{14CF34E2-3C9E-4791-8B42-9FDACEC8C6A2}.Release|iPhoneSimulator.ActiveCfg = Release|Any CPU
		{14CF34E2-3C9E-4791-8B42-9FDACEC8C6A2}.Release|iPhoneSimulator.Build.0 = Release|Any CPU
		{135C900B-2E90-446C-A071-C0501BCC32EE}.Debug|Any CPU.ActiveCfg = Debug|Any CPU
		{135C900B-2E90-446C-A071-C0501BCC32EE}.Debug|Any CPU.Build.0 = Debug|Any CPU
		{135C900B-2E90-446C-A071-C0501BCC32EE}.Debug|iPhone.ActiveCfg = Debug|Any CPU
		{135C900B-2E90-446C-A071-C0501BCC32EE}.Debug|iPhone.Build.0 = Debug|Any CPU
		{135C900B-2E90-446C-A071-C0501BCC32EE}.Debug|iPhoneSimulator.ActiveCfg = Debug|Any CPU
		{135C900B-2E90-446C-A071-C0501BCC32EE}.Debug|iPhoneSimulator.Build.0 = Debug|Any CPU
		{135C900B-2E90-446C-A071-C0501BCC32EE}.Release|Any CPU.ActiveCfg = Release|Any CPU
		{135C900B-2E90-446C-A071-C0501BCC32EE}.Release|Any CPU.Build.0 = Release|Any CPU
		{135C900B-2E90-446C-A071-C0501BCC32EE}.Release|iPhone.ActiveCfg = Release|Any CPU
		{135C900B-2E90-446C-A071-C0501BCC32EE}.Release|iPhone.Build.0 = Release|Any CPU
		{135C900B-2E90-446C-A071-C0501BCC32EE}.Release|iPhoneSimulator.ActiveCfg = Release|Any CPU
		{135C900B-2E90-446C-A071-C0501BCC32EE}.Release|iPhoneSimulator.Build.0 = Release|Any CPU
		{A72B4EBC-8C68-43B3-A0AE-ECE35894AC6A}.Debug|Any CPU.ActiveCfg = Debug|Any CPU
		{A72B4EBC-8C68-43B3-A0AE-ECE35894AC6A}.Debug|Any CPU.Build.0 = Debug|Any CPU
		{A72B4EBC-8C68-43B3-A0AE-ECE35894AC6A}.Debug|iPhone.ActiveCfg = Debug|Any CPU
		{A72B4EBC-8C68-43B3-A0AE-ECE35894AC6A}.Debug|iPhone.Build.0 = Debug|Any CPU
		{A72B4EBC-8C68-43B3-A0AE-ECE35894AC6A}.Debug|iPhoneSimulator.ActiveCfg = Debug|Any CPU
		{A72B4EBC-8C68-43B3-A0AE-ECE35894AC6A}.Debug|iPhoneSimulator.Build.0 = Debug|Any CPU
		{A72B4EBC-8C68-43B3-A0AE-ECE35894AC6A}.Release|Any CPU.ActiveCfg = Release|Any CPU
		{A72B4EBC-8C68-43B3-A0AE-ECE35894AC6A}.Release|Any CPU.Build.0 = Release|Any CPU
		{A72B4EBC-8C68-43B3-A0AE-ECE35894AC6A}.Release|iPhone.ActiveCfg = Release|Any CPU
		{A72B4EBC-8C68-43B3-A0AE-ECE35894AC6A}.Release|iPhone.Build.0 = Release|Any CPU
		{A72B4EBC-8C68-43B3-A0AE-ECE35894AC6A}.Release|iPhoneSimulator.ActiveCfg = Release|Any CPU
		{A72B4EBC-8C68-43B3-A0AE-ECE35894AC6A}.Release|iPhoneSimulator.Build.0 = Release|Any CPU
		{3D27A825-7D6C-4895-98DC-6038EE000C2C}.Debug|Any CPU.ActiveCfg = Debug|Any CPU
		{3D27A825-7D6C-4895-98DC-6038EE000C2C}.Debug|Any CPU.Build.0 = Debug|Any CPU
		{3D27A825-7D6C-4895-98DC-6038EE000C2C}.Debug|iPhone.ActiveCfg = Debug|Any CPU
		{3D27A825-7D6C-4895-98DC-6038EE000C2C}.Debug|iPhone.Build.0 = Debug|Any CPU
		{3D27A825-7D6C-4895-98DC-6038EE000C2C}.Debug|iPhoneSimulator.ActiveCfg = Debug|Any CPU
		{3D27A825-7D6C-4895-98DC-6038EE000C2C}.Debug|iPhoneSimulator.Build.0 = Debug|Any CPU
		{3D27A825-7D6C-4895-98DC-6038EE000C2C}.Release|Any CPU.ActiveCfg = Release|Any CPU
		{3D27A825-7D6C-4895-98DC-6038EE000C2C}.Release|Any CPU.Build.0 = Release|Any CPU
		{3D27A825-7D6C-4895-98DC-6038EE000C2C}.Release|iPhone.ActiveCfg = Release|Any CPU
		{3D27A825-7D6C-4895-98DC-6038EE000C2C}.Release|iPhone.Build.0 = Release|Any CPU
		{3D27A825-7D6C-4895-98DC-6038EE000C2C}.Release|iPhoneSimulator.ActiveCfg = Release|Any CPU
		{3D27A825-7D6C-4895-98DC-6038EE000C2C}.Release|iPhoneSimulator.Build.0 = Release|Any CPU
		{14E7EDE8-D791-4ACC-942C-5710C26AAF3D}.Debug|Any CPU.ActiveCfg = Debug|Any CPU
		{14E7EDE8-D791-4ACC-942C-5710C26AAF3D}.Debug|Any CPU.Build.0 = Debug|Any CPU
		{14E7EDE8-D791-4ACC-942C-5710C26AAF3D}.Debug|iPhone.ActiveCfg = Debug|Any CPU
		{14E7EDE8-D791-4ACC-942C-5710C26AAF3D}.Debug|iPhone.Build.0 = Debug|Any CPU
		{14E7EDE8-D791-4ACC-942C-5710C26AAF3D}.Debug|iPhoneSimulator.ActiveCfg = Debug|Any CPU
		{14E7EDE8-D791-4ACC-942C-5710C26AAF3D}.Debug|iPhoneSimulator.Build.0 = Debug|Any CPU
		{14E7EDE8-D791-4ACC-942C-5710C26AAF3D}.Release|Any CPU.ActiveCfg = Release|Any CPU
		{14E7EDE8-D791-4ACC-942C-5710C26AAF3D}.Release|Any CPU.Build.0 = Release|Any CPU
		{14E7EDE8-D791-4ACC-942C-5710C26AAF3D}.Release|iPhone.ActiveCfg = Release|Any CPU
		{14E7EDE8-D791-4ACC-942C-5710C26AAF3D}.Release|iPhone.Build.0 = Release|Any CPU
		{14E7EDE8-D791-4ACC-942C-5710C26AAF3D}.Release|iPhoneSimulator.ActiveCfg = Release|Any CPU
		{14E7EDE8-D791-4ACC-942C-5710C26AAF3D}.Release|iPhoneSimulator.Build.0 = Release|Any CPU
		{66CFB9DC-B671-4185-A672-8BDE603B6C66}.Debug|Any CPU.ActiveCfg = Debug|Any CPU
		{66CFB9DC-B671-4185-A672-8BDE603B6C66}.Debug|Any CPU.Build.0 = Debug|Any CPU
		{66CFB9DC-B671-4185-A672-8BDE603B6C66}.Debug|iPhone.ActiveCfg = Debug|Any CPU
		{66CFB9DC-B671-4185-A672-8BDE603B6C66}.Debug|iPhone.Build.0 = Debug|Any CPU
		{66CFB9DC-B671-4185-A672-8BDE603B6C66}.Debug|iPhoneSimulator.ActiveCfg = Debug|Any CPU
		{66CFB9DC-B671-4185-A672-8BDE603B6C66}.Debug|iPhoneSimulator.Build.0 = Debug|Any CPU
		{66CFB9DC-B671-4185-A672-8BDE603B6C66}.Release|Any CPU.ActiveCfg = Release|Any CPU
		{66CFB9DC-B671-4185-A672-8BDE603B6C66}.Release|Any CPU.Build.0 = Release|Any CPU
		{66CFB9DC-B671-4185-A672-8BDE603B6C66}.Release|iPhone.ActiveCfg = Release|Any CPU
		{66CFB9DC-B671-4185-A672-8BDE603B6C66}.Release|iPhone.Build.0 = Release|Any CPU
		{66CFB9DC-B671-4185-A672-8BDE603B6C66}.Release|iPhoneSimulator.ActiveCfg = Release|Any CPU
		{66CFB9DC-B671-4185-A672-8BDE603B6C66}.Release|iPhoneSimulator.Build.0 = Release|Any CPU
		{15580D8E-9F60-4F3E-8508-221AF03238F5}.Debug|Any CPU.ActiveCfg = Debug|Any CPU
		{15580D8E-9F60-4F3E-8508-221AF03238F5}.Debug|Any CPU.Build.0 = Debug|Any CPU
		{15580D8E-9F60-4F3E-8508-221AF03238F5}.Debug|iPhone.ActiveCfg = Debug|Any CPU
		{15580D8E-9F60-4F3E-8508-221AF03238F5}.Debug|iPhone.Build.0 = Debug|Any CPU
		{15580D8E-9F60-4F3E-8508-221AF03238F5}.Debug|iPhoneSimulator.ActiveCfg = Debug|Any CPU
		{15580D8E-9F60-4F3E-8508-221AF03238F5}.Debug|iPhoneSimulator.Build.0 = Debug|Any CPU
		{15580D8E-9F60-4F3E-8508-221AF03238F5}.Release|Any CPU.ActiveCfg = Release|Any CPU
		{15580D8E-9F60-4F3E-8508-221AF03238F5}.Release|Any CPU.Build.0 = Release|Any CPU
		{15580D8E-9F60-4F3E-8508-221AF03238F5}.Release|iPhone.ActiveCfg = Release|Any CPU
		{15580D8E-9F60-4F3E-8508-221AF03238F5}.Release|iPhone.Build.0 = Release|Any CPU
		{15580D8E-9F60-4F3E-8508-221AF03238F5}.Release|iPhoneSimulator.ActiveCfg = Release|Any CPU
		{15580D8E-9F60-4F3E-8508-221AF03238F5}.Release|iPhoneSimulator.Build.0 = Release|Any CPU
		{BD4C80FA-4DEF-4CF1-B1EF-AE8B60575EFA}.Debug|Any CPU.ActiveCfg = Debug|Any CPU
		{BD4C80FA-4DEF-4CF1-B1EF-AE8B60575EFA}.Debug|Any CPU.Build.0 = Debug|Any CPU
		{BD4C80FA-4DEF-4CF1-B1EF-AE8B60575EFA}.Debug|iPhone.ActiveCfg = Debug|Any CPU
		{BD4C80FA-4DEF-4CF1-B1EF-AE8B60575EFA}.Debug|iPhone.Build.0 = Debug|Any CPU
		{BD4C80FA-4DEF-4CF1-B1EF-AE8B60575EFA}.Debug|iPhoneSimulator.ActiveCfg = Debug|Any CPU
		{BD4C80FA-4DEF-4CF1-B1EF-AE8B60575EFA}.Debug|iPhoneSimulator.Build.0 = Debug|Any CPU
		{BD4C80FA-4DEF-4CF1-B1EF-AE8B60575EFA}.Release|Any CPU.ActiveCfg = Release|Any CPU
		{BD4C80FA-4DEF-4CF1-B1EF-AE8B60575EFA}.Release|Any CPU.Build.0 = Release|Any CPU
		{BD4C80FA-4DEF-4CF1-B1EF-AE8B60575EFA}.Release|iPhone.ActiveCfg = Release|Any CPU
		{BD4C80FA-4DEF-4CF1-B1EF-AE8B60575EFA}.Release|iPhone.Build.0 = Release|Any CPU
		{BD4C80FA-4DEF-4CF1-B1EF-AE8B60575EFA}.Release|iPhoneSimulator.ActiveCfg = Release|Any CPU
		{BD4C80FA-4DEF-4CF1-B1EF-AE8B60575EFA}.Release|iPhoneSimulator.Build.0 = Release|Any CPU
		{AD3B0293-0432-4C0C-AB92-63DC632DD252}.Debug|Any CPU.ActiveCfg = Debug|Any CPU
		{AD3B0293-0432-4C0C-AB92-63DC632DD252}.Debug|Any CPU.Build.0 = Debug|Any CPU
		{AD3B0293-0432-4C0C-AB92-63DC632DD252}.Debug|iPhone.ActiveCfg = Debug|Any CPU
		{AD3B0293-0432-4C0C-AB92-63DC632DD252}.Debug|iPhone.Build.0 = Debug|Any CPU
		{AD3B0293-0432-4C0C-AB92-63DC632DD252}.Debug|iPhoneSimulator.ActiveCfg = Debug|Any CPU
		{AD3B0293-0432-4C0C-AB92-63DC632DD252}.Debug|iPhoneSimulator.Build.0 = Debug|Any CPU
		{AD3B0293-0432-4C0C-AB92-63DC632DD252}.Release|Any CPU.ActiveCfg = Release|Any CPU
		{AD3B0293-0432-4C0C-AB92-63DC632DD252}.Release|Any CPU.Build.0 = Release|Any CPU
		{AD3B0293-0432-4C0C-AB92-63DC632DD252}.Release|iPhone.ActiveCfg = Release|Any CPU
		{AD3B0293-0432-4C0C-AB92-63DC632DD252}.Release|iPhone.Build.0 = Release|Any CPU
		{AD3B0293-0432-4C0C-AB92-63DC632DD252}.Release|iPhoneSimulator.ActiveCfg = Release|Any CPU
		{AD3B0293-0432-4C0C-AB92-63DC632DD252}.Release|iPhoneSimulator.Build.0 = Release|Any CPU
		{1F18A033-6F69-4DA4-A67E-79472FFAE362}.Debug|Any CPU.ActiveCfg = Debug|Any CPU
		{1F18A033-6F69-4DA4-A67E-79472FFAE362}.Debug|Any CPU.Build.0 = Debug|Any CPU
		{1F18A033-6F69-4DA4-A67E-79472FFAE362}.Debug|iPhone.ActiveCfg = Debug|Any CPU
		{1F18A033-6F69-4DA4-A67E-79472FFAE362}.Debug|iPhone.Build.0 = Debug|Any CPU
		{1F18A033-6F69-4DA4-A67E-79472FFAE362}.Debug|iPhoneSimulator.ActiveCfg = Debug|Any CPU
		{1F18A033-6F69-4DA4-A67E-79472FFAE362}.Debug|iPhoneSimulator.Build.0 = Debug|Any CPU
		{1F18A033-6F69-4DA4-A67E-79472FFAE362}.Release|Any CPU.ActiveCfg = Release|Any CPU
		{1F18A033-6F69-4DA4-A67E-79472FFAE362}.Release|Any CPU.Build.0 = Release|Any CPU
		{1F18A033-6F69-4DA4-A67E-79472FFAE362}.Release|iPhone.ActiveCfg = Release|Any CPU
		{1F18A033-6F69-4DA4-A67E-79472FFAE362}.Release|iPhone.Build.0 = Release|Any CPU
		{1F18A033-6F69-4DA4-A67E-79472FFAE362}.Release|iPhoneSimulator.ActiveCfg = Release|Any CPU
		{1F18A033-6F69-4DA4-A67E-79472FFAE362}.Release|iPhoneSimulator.Build.0 = Release|Any CPU
		{87931C8F-94A8-4DD3-AD9B-4A5348CF038B}.Debug|Any CPU.ActiveCfg = Debug|Any CPU
		{87931C8F-94A8-4DD3-AD9B-4A5348CF038B}.Debug|Any CPU.Build.0 = Debug|Any CPU
		{87931C8F-94A8-4DD3-AD9B-4A5348CF038B}.Debug|iPhone.ActiveCfg = Debug|Any CPU
		{87931C8F-94A8-4DD3-AD9B-4A5348CF038B}.Debug|iPhone.Build.0 = Debug|Any CPU
		{87931C8F-94A8-4DD3-AD9B-4A5348CF038B}.Debug|iPhoneSimulator.ActiveCfg = Debug|Any CPU
		{87931C8F-94A8-4DD3-AD9B-4A5348CF038B}.Debug|iPhoneSimulator.Build.0 = Debug|Any CPU
		{87931C8F-94A8-4DD3-AD9B-4A5348CF038B}.Release|Any CPU.ActiveCfg = Release|Any CPU
		{87931C8F-94A8-4DD3-AD9B-4A5348CF038B}.Release|Any CPU.Build.0 = Release|Any CPU
		{87931C8F-94A8-4DD3-AD9B-4A5348CF038B}.Release|iPhone.ActiveCfg = Release|Any CPU
		{87931C8F-94A8-4DD3-AD9B-4A5348CF038B}.Release|iPhone.Build.0 = Release|Any CPU
		{87931C8F-94A8-4DD3-AD9B-4A5348CF038B}.Release|iPhoneSimulator.ActiveCfg = Release|Any CPU
		{87931C8F-94A8-4DD3-AD9B-4A5348CF038B}.Release|iPhoneSimulator.Build.0 = Release|Any CPU
		{743DEA06-01D0-48DD-85EC-A8965C744B64}.Debug|Any CPU.ActiveCfg = Debug|Any CPU
		{743DEA06-01D0-48DD-85EC-A8965C744B64}.Debug|Any CPU.Build.0 = Debug|Any CPU
		{743DEA06-01D0-48DD-85EC-A8965C744B64}.Debug|iPhone.ActiveCfg = Debug|Any CPU
		{743DEA06-01D0-48DD-85EC-A8965C744B64}.Debug|iPhone.Build.0 = Debug|Any CPU
		{743DEA06-01D0-48DD-85EC-A8965C744B64}.Debug|iPhoneSimulator.ActiveCfg = Debug|Any CPU
		{743DEA06-01D0-48DD-85EC-A8965C744B64}.Debug|iPhoneSimulator.Build.0 = Debug|Any CPU
		{743DEA06-01D0-48DD-85EC-A8965C744B64}.Release|Any CPU.ActiveCfg = Release|Any CPU
		{743DEA06-01D0-48DD-85EC-A8965C744B64}.Release|Any CPU.Build.0 = Release|Any CPU
		{743DEA06-01D0-48DD-85EC-A8965C744B64}.Release|iPhone.ActiveCfg = Release|Any CPU
		{743DEA06-01D0-48DD-85EC-A8965C744B64}.Release|iPhone.Build.0 = Release|Any CPU
		{743DEA06-01D0-48DD-85EC-A8965C744B64}.Release|iPhoneSimulator.ActiveCfg = Release|Any CPU
		{743DEA06-01D0-48DD-85EC-A8965C744B64}.Release|iPhoneSimulator.Build.0 = Release|Any CPU
		{7554B6D6-4878-4997-8901-9DCDF0D803F9}.Debug|Any CPU.ActiveCfg = Debug|Any CPU
		{7554B6D6-4878-4997-8901-9DCDF0D803F9}.Debug|Any CPU.Build.0 = Debug|Any CPU
		{7554B6D6-4878-4997-8901-9DCDF0D803F9}.Debug|iPhone.ActiveCfg = Debug|Any CPU
		{7554B6D6-4878-4997-8901-9DCDF0D803F9}.Debug|iPhone.Build.0 = Debug|Any CPU
		{7554B6D6-4878-4997-8901-9DCDF0D803F9}.Debug|iPhoneSimulator.ActiveCfg = Debug|Any CPU
		{7554B6D6-4878-4997-8901-9DCDF0D803F9}.Debug|iPhoneSimulator.Build.0 = Debug|Any CPU
		{7554B6D6-4878-4997-8901-9DCDF0D803F9}.Release|Any CPU.ActiveCfg = Release|Any CPU
		{7554B6D6-4878-4997-8901-9DCDF0D803F9}.Release|Any CPU.Build.0 = Release|Any CPU
		{7554B6D6-4878-4997-8901-9DCDF0D803F9}.Release|iPhone.ActiveCfg = Release|Any CPU
		{7554B6D6-4878-4997-8901-9DCDF0D803F9}.Release|iPhone.Build.0 = Release|Any CPU
		{7554B6D6-4878-4997-8901-9DCDF0D803F9}.Release|iPhoneSimulator.ActiveCfg = Release|Any CPU
		{7554B6D6-4878-4997-8901-9DCDF0D803F9}.Release|iPhoneSimulator.Build.0 = Release|Any CPU
		{E49FA3A8-8AE3-4B55-B42B-FF7D37A976FE}.Debug|Any CPU.ActiveCfg = Debug|Any CPU
		{E49FA3A8-8AE3-4B55-B42B-FF7D37A976FE}.Debug|Any CPU.Build.0 = Debug|Any CPU
		{E49FA3A8-8AE3-4B55-B42B-FF7D37A976FE}.Debug|iPhone.ActiveCfg = Debug|Any CPU
		{E49FA3A8-8AE3-4B55-B42B-FF7D37A976FE}.Debug|iPhone.Build.0 = Debug|Any CPU
		{E49FA3A8-8AE3-4B55-B42B-FF7D37A976FE}.Debug|iPhoneSimulator.ActiveCfg = Debug|Any CPU
		{E49FA3A8-8AE3-4B55-B42B-FF7D37A976FE}.Debug|iPhoneSimulator.Build.0 = Debug|Any CPU
		{E49FA3A8-8AE3-4B55-B42B-FF7D37A976FE}.Release|Any CPU.ActiveCfg = Release|Any CPU
		{E49FA3A8-8AE3-4B55-B42B-FF7D37A976FE}.Release|Any CPU.Build.0 = Release|Any CPU
		{E49FA3A8-8AE3-4B55-B42B-FF7D37A976FE}.Release|iPhone.ActiveCfg = Release|Any CPU
		{E49FA3A8-8AE3-4B55-B42B-FF7D37A976FE}.Release|iPhone.Build.0 = Release|Any CPU
		{E49FA3A8-8AE3-4B55-B42B-FF7D37A976FE}.Release|iPhoneSimulator.ActiveCfg = Release|Any CPU
		{E49FA3A8-8AE3-4B55-B42B-FF7D37A976FE}.Release|iPhoneSimulator.Build.0 = Release|Any CPU
		{50F1403D-C852-4CFA-AA9F-3E4A391CAE63}.Debug|Any CPU.ActiveCfg = Debug|Any CPU
		{50F1403D-C852-4CFA-AA9F-3E4A391CAE63}.Debug|Any CPU.Build.0 = Debug|Any CPU
		{50F1403D-C852-4CFA-AA9F-3E4A391CAE63}.Debug|iPhone.ActiveCfg = Debug|Any CPU
		{50F1403D-C852-4CFA-AA9F-3E4A391CAE63}.Debug|iPhone.Build.0 = Debug|Any CPU
		{50F1403D-C852-4CFA-AA9F-3E4A391CAE63}.Debug|iPhoneSimulator.ActiveCfg = Debug|Any CPU
		{50F1403D-C852-4CFA-AA9F-3E4A391CAE63}.Debug|iPhoneSimulator.Build.0 = Debug|Any CPU
		{50F1403D-C852-4CFA-AA9F-3E4A391CAE63}.Release|Any CPU.ActiveCfg = Release|Any CPU
		{50F1403D-C852-4CFA-AA9F-3E4A391CAE63}.Release|Any CPU.Build.0 = Release|Any CPU
		{50F1403D-C852-4CFA-AA9F-3E4A391CAE63}.Release|iPhone.ActiveCfg = Release|Any CPU
		{50F1403D-C852-4CFA-AA9F-3E4A391CAE63}.Release|iPhone.Build.0 = Release|Any CPU
		{50F1403D-C852-4CFA-AA9F-3E4A391CAE63}.Release|iPhoneSimulator.ActiveCfg = Release|Any CPU
		{50F1403D-C852-4CFA-AA9F-3E4A391CAE63}.Release|iPhoneSimulator.Build.0 = Release|Any CPU
		{B0E6A07C-083A-4690-B720-D7473B45FAA4}.Debug|Any CPU.ActiveCfg = Debug|Any CPU
		{B0E6A07C-083A-4690-B720-D7473B45FAA4}.Debug|Any CPU.Build.0 = Debug|Any CPU
		{B0E6A07C-083A-4690-B720-D7473B45FAA4}.Debug|iPhone.ActiveCfg = Debug|Any CPU
		{B0E6A07C-083A-4690-B720-D7473B45FAA4}.Debug|iPhone.Build.0 = Debug|Any CPU
		{B0E6A07C-083A-4690-B720-D7473B45FAA4}.Debug|iPhoneSimulator.ActiveCfg = Debug|Any CPU
		{B0E6A07C-083A-4690-B720-D7473B45FAA4}.Debug|iPhoneSimulator.Build.0 = Debug|Any CPU
		{B0E6A07C-083A-4690-B720-D7473B45FAA4}.Release|Any CPU.ActiveCfg = Release|Any CPU
		{B0E6A07C-083A-4690-B720-D7473B45FAA4}.Release|Any CPU.Build.0 = Release|Any CPU
		{B0E6A07C-083A-4690-B720-D7473B45FAA4}.Release|iPhone.ActiveCfg = Release|Any CPU
		{B0E6A07C-083A-4690-B720-D7473B45FAA4}.Release|iPhone.Build.0 = Release|Any CPU
		{B0E6A07C-083A-4690-B720-D7473B45FAA4}.Release|iPhoneSimulator.ActiveCfg = Release|Any CPU
		{B0E6A07C-083A-4690-B720-D7473B45FAA4}.Release|iPhoneSimulator.Build.0 = Release|Any CPU
		{4B7957AA-8A2F-4F35-AE94-59347A805B3A}.Debug|Any CPU.ActiveCfg = Debug|Any CPU
		{4B7957AA-8A2F-4F35-AE94-59347A805B3A}.Debug|Any CPU.Build.0 = Debug|Any CPU
		{4B7957AA-8A2F-4F35-AE94-59347A805B3A}.Debug|iPhone.ActiveCfg = Debug|Any CPU
		{4B7957AA-8A2F-4F35-AE94-59347A805B3A}.Debug|iPhone.Build.0 = Debug|Any CPU
		{4B7957AA-8A2F-4F35-AE94-59347A805B3A}.Debug|iPhoneSimulator.ActiveCfg = Debug|Any CPU
		{4B7957AA-8A2F-4F35-AE94-59347A805B3A}.Debug|iPhoneSimulator.Build.0 = Debug|Any CPU
		{4B7957AA-8A2F-4F35-AE94-59347A805B3A}.Release|Any CPU.ActiveCfg = Release|Any CPU
		{4B7957AA-8A2F-4F35-AE94-59347A805B3A}.Release|Any CPU.Build.0 = Release|Any CPU
		{4B7957AA-8A2F-4F35-AE94-59347A805B3A}.Release|iPhone.ActiveCfg = Release|Any CPU
		{4B7957AA-8A2F-4F35-AE94-59347A805B3A}.Release|iPhone.Build.0 = Release|Any CPU
		{4B7957AA-8A2F-4F35-AE94-59347A805B3A}.Release|iPhoneSimulator.ActiveCfg = Release|Any CPU
		{4B7957AA-8A2F-4F35-AE94-59347A805B3A}.Release|iPhoneSimulator.Build.0 = Release|Any CPU
		{D232743B-098A-4352-AB12-42738598D956}.Debug|Any CPU.ActiveCfg = Debug|Any CPU
		{D232743B-098A-4352-AB12-42738598D956}.Debug|Any CPU.Build.0 = Debug|Any CPU
		{D232743B-098A-4352-AB12-42738598D956}.Debug|iPhone.ActiveCfg = Debug|Any CPU
		{D232743B-098A-4352-AB12-42738598D956}.Debug|iPhone.Build.0 = Debug|Any CPU
		{D232743B-098A-4352-AB12-42738598D956}.Debug|iPhoneSimulator.ActiveCfg = Debug|Any CPU
		{D232743B-098A-4352-AB12-42738598D956}.Debug|iPhoneSimulator.Build.0 = Debug|Any CPU
		{D232743B-098A-4352-AB12-42738598D956}.Release|Any CPU.ActiveCfg = Release|Any CPU
		{D232743B-098A-4352-AB12-42738598D956}.Release|Any CPU.Build.0 = Release|Any CPU
		{D232743B-098A-4352-AB12-42738598D956}.Release|iPhone.ActiveCfg = Release|Any CPU
		{D232743B-098A-4352-AB12-42738598D956}.Release|iPhone.Build.0 = Release|Any CPU
		{D232743B-098A-4352-AB12-42738598D956}.Release|iPhoneSimulator.ActiveCfg = Release|Any CPU
		{D232743B-098A-4352-AB12-42738598D956}.Release|iPhoneSimulator.Build.0 = Release|Any CPU
		{9F858F87-6115-4BBA-82AB-DE217921E64E}.Debug|Any CPU.ActiveCfg = Debug|Any CPU
		{9F858F87-6115-4BBA-82AB-DE217921E64E}.Debug|Any CPU.Build.0 = Debug|Any CPU
		{9F858F87-6115-4BBA-82AB-DE217921E64E}.Debug|iPhone.ActiveCfg = Debug|Any CPU
		{9F858F87-6115-4BBA-82AB-DE217921E64E}.Debug|iPhone.Build.0 = Debug|Any CPU
		{9F858F87-6115-4BBA-82AB-DE217921E64E}.Debug|iPhoneSimulator.ActiveCfg = Debug|Any CPU
		{9F858F87-6115-4BBA-82AB-DE217921E64E}.Debug|iPhoneSimulator.Build.0 = Debug|Any CPU
		{9F858F87-6115-4BBA-82AB-DE217921E64E}.Release|Any CPU.ActiveCfg = Release|Any CPU
		{9F858F87-6115-4BBA-82AB-DE217921E64E}.Release|Any CPU.Build.0 = Release|Any CPU
		{9F858F87-6115-4BBA-82AB-DE217921E64E}.Release|iPhone.ActiveCfg = Release|Any CPU
		{9F858F87-6115-4BBA-82AB-DE217921E64E}.Release|iPhone.Build.0 = Release|Any CPU
		{9F858F87-6115-4BBA-82AB-DE217921E64E}.Release|iPhoneSimulator.ActiveCfg = Release|Any CPU
		{9F858F87-6115-4BBA-82AB-DE217921E64E}.Release|iPhoneSimulator.Build.0 = Release|Any CPU
		{307ECFD8-BA5F-48CC-8458-03CC2C2311FE}.Debug|Any CPU.ActiveCfg = Debug|Any CPU
		{307ECFD8-BA5F-48CC-8458-03CC2C2311FE}.Debug|Any CPU.Build.0 = Debug|Any CPU
		{307ECFD8-BA5F-48CC-8458-03CC2C2311FE}.Debug|iPhone.ActiveCfg = Debug|Any CPU
		{307ECFD8-BA5F-48CC-8458-03CC2C2311FE}.Debug|iPhone.Build.0 = Debug|Any CPU
		{307ECFD8-BA5F-48CC-8458-03CC2C2311FE}.Debug|iPhoneSimulator.ActiveCfg = Debug|Any CPU
		{307ECFD8-BA5F-48CC-8458-03CC2C2311FE}.Debug|iPhoneSimulator.Build.0 = Debug|Any CPU
		{307ECFD8-BA5F-48CC-8458-03CC2C2311FE}.Release|Any CPU.ActiveCfg = Release|Any CPU
		{307ECFD8-BA5F-48CC-8458-03CC2C2311FE}.Release|Any CPU.Build.0 = Release|Any CPU
		{307ECFD8-BA5F-48CC-8458-03CC2C2311FE}.Release|iPhone.ActiveCfg = Release|Any CPU
		{307ECFD8-BA5F-48CC-8458-03CC2C2311FE}.Release|iPhone.Build.0 = Release|Any CPU
		{307ECFD8-BA5F-48CC-8458-03CC2C2311FE}.Release|iPhoneSimulator.ActiveCfg = Release|Any CPU
		{307ECFD8-BA5F-48CC-8458-03CC2C2311FE}.Release|iPhoneSimulator.Build.0 = Release|Any CPU
		{05ED7C27-F77C-4E78-A72D-5DE06E83947E}.Debug|Any CPU.ActiveCfg = Debug|Any CPU
		{05ED7C27-F77C-4E78-A72D-5DE06E83947E}.Debug|Any CPU.Build.0 = Debug|Any CPU
		{05ED7C27-F77C-4E78-A72D-5DE06E83947E}.Debug|Any CPU.Deploy.0 = Debug|Any CPU
		{05ED7C27-F77C-4E78-A72D-5DE06E83947E}.Debug|iPhone.ActiveCfg = Debug|Any CPU
		{05ED7C27-F77C-4E78-A72D-5DE06E83947E}.Debug|iPhone.Build.0 = Debug|Any CPU
		{05ED7C27-F77C-4E78-A72D-5DE06E83947E}.Debug|iPhone.Deploy.0 = Debug|Any CPU
		{05ED7C27-F77C-4E78-A72D-5DE06E83947E}.Debug|iPhoneSimulator.ActiveCfg = Debug|Any CPU
		{05ED7C27-F77C-4E78-A72D-5DE06E83947E}.Debug|iPhoneSimulator.Build.0 = Debug|Any CPU
		{05ED7C27-F77C-4E78-A72D-5DE06E83947E}.Debug|iPhoneSimulator.Deploy.0 = Debug|Any CPU
		{05ED7C27-F77C-4E78-A72D-5DE06E83947E}.Release|Any CPU.ActiveCfg = Release|Any CPU
		{05ED7C27-F77C-4E78-A72D-5DE06E83947E}.Release|Any CPU.Build.0 = Release|Any CPU
		{05ED7C27-F77C-4E78-A72D-5DE06E83947E}.Release|Any CPU.Deploy.0 = Release|Any CPU
		{05ED7C27-F77C-4E78-A72D-5DE06E83947E}.Release|iPhone.ActiveCfg = Release|Any CPU
		{05ED7C27-F77C-4E78-A72D-5DE06E83947E}.Release|iPhone.Build.0 = Release|Any CPU
		{05ED7C27-F77C-4E78-A72D-5DE06E83947E}.Release|iPhone.Deploy.0 = Release|Any CPU
		{05ED7C27-F77C-4E78-A72D-5DE06E83947E}.Release|iPhoneSimulator.ActiveCfg = Release|Any CPU
		{05ED7C27-F77C-4E78-A72D-5DE06E83947E}.Release|iPhoneSimulator.Build.0 = Release|Any CPU
		{05ED7C27-F77C-4E78-A72D-5DE06E83947E}.Release|iPhoneSimulator.Deploy.0 = Release|Any CPU
		{5E09A2FC-4769-4606-B4D9-E3FA482979A7}.Debug|Any CPU.ActiveCfg = Debug|iPhoneSimulator
		{5E09A2FC-4769-4606-B4D9-E3FA482979A7}.Debug|Any CPU.Build.0 = Debug|iPhoneSimulator
		{5E09A2FC-4769-4606-B4D9-E3FA482979A7}.Debug|iPhone.ActiveCfg = Debug|iPhone
		{5E09A2FC-4769-4606-B4D9-E3FA482979A7}.Debug|iPhone.Build.0 = Debug|iPhone
		{5E09A2FC-4769-4606-B4D9-E3FA482979A7}.Debug|iPhoneSimulator.ActiveCfg = Debug|iPhoneSimulator
		{5E09A2FC-4769-4606-B4D9-E3FA482979A7}.Debug|iPhoneSimulator.Build.0 = Debug|iPhoneSimulator
		{5E09A2FC-4769-4606-B4D9-E3FA482979A7}.Release|Any CPU.ActiveCfg = Release|iPhoneSimulator
		{5E09A2FC-4769-4606-B4D9-E3FA482979A7}.Release|Any CPU.Build.0 = Release|iPhoneSimulator
		{5E09A2FC-4769-4606-B4D9-E3FA482979A7}.Release|iPhone.ActiveCfg = Release|iPhone
		{5E09A2FC-4769-4606-B4D9-E3FA482979A7}.Release|iPhone.Build.0 = Release|iPhone
		{5E09A2FC-4769-4606-B4D9-E3FA482979A7}.Release|iPhoneSimulator.ActiveCfg = Release|iPhoneSimulator
		{5E09A2FC-4769-4606-B4D9-E3FA482979A7}.Release|iPhoneSimulator.Build.0 = Release|iPhoneSimulator
		{F783B7D3-FFFD-4362-8DE4-D152350961DC}.Debug|Any CPU.ActiveCfg = Debug|Any CPU
		{F783B7D3-FFFD-4362-8DE4-D152350961DC}.Debug|Any CPU.Build.0 = Debug|Any CPU
		{F783B7D3-FFFD-4362-8DE4-D152350961DC}.Debug|iPhone.ActiveCfg = Debug|Any CPU
		{F783B7D3-FFFD-4362-8DE4-D152350961DC}.Debug|iPhone.Build.0 = Debug|Any CPU
		{F783B7D3-FFFD-4362-8DE4-D152350961DC}.Debug|iPhoneSimulator.ActiveCfg = Debug|Any CPU
		{F783B7D3-FFFD-4362-8DE4-D152350961DC}.Debug|iPhoneSimulator.Build.0 = Debug|Any CPU
		{F783B7D3-FFFD-4362-8DE4-D152350961DC}.Release|Any CPU.ActiveCfg = Release|Any CPU
		{F783B7D3-FFFD-4362-8DE4-D152350961DC}.Release|Any CPU.Build.0 = Release|Any CPU
		{F783B7D3-FFFD-4362-8DE4-D152350961DC}.Release|iPhone.ActiveCfg = Release|Any CPU
		{F783B7D3-FFFD-4362-8DE4-D152350961DC}.Release|iPhone.Build.0 = Release|Any CPU
		{F783B7D3-FFFD-4362-8DE4-D152350961DC}.Release|iPhoneSimulator.ActiveCfg = Release|Any CPU
		{F783B7D3-FFFD-4362-8DE4-D152350961DC}.Release|iPhoneSimulator.Build.0 = Release|Any CPU
		{9BB5711D-A593-4A5A-83CE-DE87CF7CD2BF}.Debug|Any CPU.ActiveCfg = Debug|Any CPU
		{9BB5711D-A593-4A5A-83CE-DE87CF7CD2BF}.Debug|Any CPU.Build.0 = Debug|Any CPU
		{9BB5711D-A593-4A5A-83CE-DE87CF7CD2BF}.Debug|Any CPU.Deploy.0 = Debug|Any CPU
		{9BB5711D-A593-4A5A-83CE-DE87CF7CD2BF}.Debug|iPhone.ActiveCfg = Debug|Any CPU
		{9BB5711D-A593-4A5A-83CE-DE87CF7CD2BF}.Debug|iPhone.Build.0 = Debug|Any CPU
		{9BB5711D-A593-4A5A-83CE-DE87CF7CD2BF}.Debug|iPhone.Deploy.0 = Debug|Any CPU
		{9BB5711D-A593-4A5A-83CE-DE87CF7CD2BF}.Debug|iPhoneSimulator.ActiveCfg = Debug|Any CPU
		{9BB5711D-A593-4A5A-83CE-DE87CF7CD2BF}.Debug|iPhoneSimulator.Build.0 = Debug|Any CPU
		{9BB5711D-A593-4A5A-83CE-DE87CF7CD2BF}.Debug|iPhoneSimulator.Deploy.0 = Debug|Any CPU
		{9BB5711D-A593-4A5A-83CE-DE87CF7CD2BF}.Release|Any CPU.ActiveCfg = Release|Any CPU
		{9BB5711D-A593-4A5A-83CE-DE87CF7CD2BF}.Release|Any CPU.Build.0 = Release|Any CPU
		{9BB5711D-A593-4A5A-83CE-DE87CF7CD2BF}.Release|Any CPU.Deploy.0 = Release|Any CPU
		{9BB5711D-A593-4A5A-83CE-DE87CF7CD2BF}.Release|iPhone.ActiveCfg = Release|Any CPU
		{9BB5711D-A593-4A5A-83CE-DE87CF7CD2BF}.Release|iPhone.Build.0 = Release|Any CPU
		{9BB5711D-A593-4A5A-83CE-DE87CF7CD2BF}.Release|iPhone.Deploy.0 = Release|Any CPU
		{9BB5711D-A593-4A5A-83CE-DE87CF7CD2BF}.Release|iPhoneSimulator.ActiveCfg = Release|Any CPU
		{9BB5711D-A593-4A5A-83CE-DE87CF7CD2BF}.Release|iPhoneSimulator.Build.0 = Release|Any CPU
		{9BB5711D-A593-4A5A-83CE-DE87CF7CD2BF}.Release|iPhoneSimulator.Deploy.0 = Release|Any CPU
		{D2767A50-88B4-475B-8142-9223A2732833}.Debug|Any CPU.ActiveCfg = Debug|Any CPU
		{D2767A50-88B4-475B-8142-9223A2732833}.Debug|Any CPU.Build.0 = Debug|Any CPU
		{D2767A50-88B4-475B-8142-9223A2732833}.Debug|iPhone.ActiveCfg = Debug|Any CPU
		{D2767A50-88B4-475B-8142-9223A2732833}.Debug|iPhone.Build.0 = Debug|Any CPU
		{D2767A50-88B4-475B-8142-9223A2732833}.Debug|iPhoneSimulator.ActiveCfg = Debug|Any CPU
		{D2767A50-88B4-475B-8142-9223A2732833}.Debug|iPhoneSimulator.Build.0 = Debug|Any CPU
		{D2767A50-88B4-475B-8142-9223A2732833}.Release|Any CPU.ActiveCfg = Release|Any CPU
		{D2767A50-88B4-475B-8142-9223A2732833}.Release|Any CPU.Build.0 = Release|Any CPU
		{D2767A50-88B4-475B-8142-9223A2732833}.Release|iPhone.ActiveCfg = Release|Any CPU
		{D2767A50-88B4-475B-8142-9223A2732833}.Release|iPhone.Build.0 = Release|Any CPU
		{D2767A50-88B4-475B-8142-9223A2732833}.Release|iPhoneSimulator.ActiveCfg = Release|Any CPU
		{D2767A50-88B4-475B-8142-9223A2732833}.Release|iPhoneSimulator.Build.0 = Release|Any CPU
		{5517C3D9-D40D-449B-BB30-DC19D03619D0}.Debug|Any CPU.ActiveCfg = Debug|Any CPU
		{5517C3D9-D40D-449B-BB30-DC19D03619D0}.Debug|Any CPU.Build.0 = Debug|Any CPU
		{5517C3D9-D40D-449B-BB30-DC19D03619D0}.Debug|Any CPU.Deploy.0 = Debug|Any CPU
		{5517C3D9-D40D-449B-BB30-DC19D03619D0}.Debug|iPhone.ActiveCfg = Debug|Any CPU
		{5517C3D9-D40D-449B-BB30-DC19D03619D0}.Debug|iPhone.Build.0 = Debug|Any CPU
		{5517C3D9-D40D-449B-BB30-DC19D03619D0}.Debug|iPhone.Deploy.0 = Debug|Any CPU
		{5517C3D9-D40D-449B-BB30-DC19D03619D0}.Debug|iPhoneSimulator.ActiveCfg = Debug|Any CPU
		{5517C3D9-D40D-449B-BB30-DC19D03619D0}.Debug|iPhoneSimulator.Build.0 = Debug|Any CPU
		{5517C3D9-D40D-449B-BB30-DC19D03619D0}.Debug|iPhoneSimulator.Deploy.0 = Debug|Any CPU
		{5517C3D9-D40D-449B-BB30-DC19D03619D0}.Release|Any CPU.ActiveCfg = Release|Any CPU
		{5517C3D9-D40D-449B-BB30-DC19D03619D0}.Release|Any CPU.Build.0 = Release|Any CPU
		{5517C3D9-D40D-449B-BB30-DC19D03619D0}.Release|Any CPU.Deploy.0 = Release|Any CPU
		{5517C3D9-D40D-449B-BB30-DC19D03619D0}.Release|iPhone.ActiveCfg = Release|Any CPU
		{5517C3D9-D40D-449B-BB30-DC19D03619D0}.Release|iPhone.Build.0 = Release|Any CPU
		{5517C3D9-D40D-449B-BB30-DC19D03619D0}.Release|iPhone.Deploy.0 = Release|Any CPU
		{5517C3D9-D40D-449B-BB30-DC19D03619D0}.Release|iPhoneSimulator.ActiveCfg = Release|Any CPU
		{5517C3D9-D40D-449B-BB30-DC19D03619D0}.Release|iPhoneSimulator.Build.0 = Release|Any CPU
		{5517C3D9-D40D-449B-BB30-DC19D03619D0}.Release|iPhoneSimulator.Deploy.0 = Release|Any CPU
		{5B5B0E08-5A24-410D-9E9E-EDAF400D19BA}.Debug|Any CPU.ActiveCfg = Debug|Any CPU
		{5B5B0E08-5A24-410D-9E9E-EDAF400D19BA}.Debug|Any CPU.Build.0 = Debug|Any CPU
		{5B5B0E08-5A24-410D-9E9E-EDAF400D19BA}.Debug|iPhone.ActiveCfg = Debug|Any CPU
		{5B5B0E08-5A24-410D-9E9E-EDAF400D19BA}.Debug|iPhone.Build.0 = Debug|Any CPU
		{5B5B0E08-5A24-410D-9E9E-EDAF400D19BA}.Debug|iPhoneSimulator.ActiveCfg = Debug|Any CPU
		{5B5B0E08-5A24-410D-9E9E-EDAF400D19BA}.Debug|iPhoneSimulator.Build.0 = Debug|Any CPU
		{5B5B0E08-5A24-410D-9E9E-EDAF400D19BA}.Release|Any CPU.ActiveCfg = Release|Any CPU
		{5B5B0E08-5A24-410D-9E9E-EDAF400D19BA}.Release|Any CPU.Build.0 = Release|Any CPU
		{5B5B0E08-5A24-410D-9E9E-EDAF400D19BA}.Release|iPhone.ActiveCfg = Release|Any CPU
		{5B5B0E08-5A24-410D-9E9E-EDAF400D19BA}.Release|iPhone.Build.0 = Release|Any CPU
		{5B5B0E08-5A24-410D-9E9E-EDAF400D19BA}.Release|iPhoneSimulator.ActiveCfg = Release|Any CPU
		{5B5B0E08-5A24-410D-9E9E-EDAF400D19BA}.Release|iPhoneSimulator.Build.0 = Release|Any CPU
		{3E00BD22-5635-47A7-84DC-5755ABD33BCA}.Debug|Any CPU.ActiveCfg = Debug|Any CPU
		{3E00BD22-5635-47A7-84DC-5755ABD33BCA}.Debug|Any CPU.Build.0 = Debug|Any CPU
		{3E00BD22-5635-47A7-84DC-5755ABD33BCA}.Debug|Any CPU.Deploy.0 = Debug|Any CPU
		{3E00BD22-5635-47A7-84DC-5755ABD33BCA}.Debug|iPhone.ActiveCfg = Debug|Any CPU
		{3E00BD22-5635-47A7-84DC-5755ABD33BCA}.Debug|iPhone.Build.0 = Debug|Any CPU
		{3E00BD22-5635-47A7-84DC-5755ABD33BCA}.Debug|iPhone.Deploy.0 = Debug|Any CPU
		{3E00BD22-5635-47A7-84DC-5755ABD33BCA}.Debug|iPhoneSimulator.ActiveCfg = Debug|Any CPU
		{3E00BD22-5635-47A7-84DC-5755ABD33BCA}.Debug|iPhoneSimulator.Build.0 = Debug|Any CPU
		{3E00BD22-5635-47A7-84DC-5755ABD33BCA}.Debug|iPhoneSimulator.Deploy.0 = Debug|Any CPU
		{3E00BD22-5635-47A7-84DC-5755ABD33BCA}.Release|Any CPU.ActiveCfg = Release|Any CPU
		{3E00BD22-5635-47A7-84DC-5755ABD33BCA}.Release|Any CPU.Build.0 = Release|Any CPU
		{3E00BD22-5635-47A7-84DC-5755ABD33BCA}.Release|Any CPU.Deploy.0 = Release|Any CPU
		{3E00BD22-5635-47A7-84DC-5755ABD33BCA}.Release|iPhone.ActiveCfg = Release|Any CPU
		{3E00BD22-5635-47A7-84DC-5755ABD33BCA}.Release|iPhone.Build.0 = Release|Any CPU
		{3E00BD22-5635-47A7-84DC-5755ABD33BCA}.Release|iPhone.Deploy.0 = Release|Any CPU
		{3E00BD22-5635-47A7-84DC-5755ABD33BCA}.Release|iPhoneSimulator.ActiveCfg = Release|Any CPU
		{3E00BD22-5635-47A7-84DC-5755ABD33BCA}.Release|iPhoneSimulator.Build.0 = Release|Any CPU
		{3E00BD22-5635-47A7-84DC-5755ABD33BCA}.Release|iPhoneSimulator.Deploy.0 = Release|Any CPU
		{AF017659-4664-4FF5-B496-1FA69AF99F10}.Debug|Any CPU.ActiveCfg = Debug|Any CPU
		{AF017659-4664-4FF5-B496-1FA69AF99F10}.Debug|Any CPU.Build.0 = Debug|Any CPU
		{AF017659-4664-4FF5-B496-1FA69AF99F10}.Debug|iPhone.ActiveCfg = Debug|Any CPU
		{AF017659-4664-4FF5-B496-1FA69AF99F10}.Debug|iPhone.Build.0 = Debug|Any CPU
		{AF017659-4664-4FF5-B496-1FA69AF99F10}.Debug|iPhoneSimulator.ActiveCfg = Debug|Any CPU
		{AF017659-4664-4FF5-B496-1FA69AF99F10}.Debug|iPhoneSimulator.Build.0 = Debug|Any CPU
		{AF017659-4664-4FF5-B496-1FA69AF99F10}.Release|Any CPU.ActiveCfg = Release|Any CPU
		{AF017659-4664-4FF5-B496-1FA69AF99F10}.Release|Any CPU.Build.0 = Release|Any CPU
		{AF017659-4664-4FF5-B496-1FA69AF99F10}.Release|iPhone.ActiveCfg = Release|Any CPU
		{AF017659-4664-4FF5-B496-1FA69AF99F10}.Release|iPhone.Build.0 = Release|Any CPU
		{AF017659-4664-4FF5-B496-1FA69AF99F10}.Release|iPhoneSimulator.ActiveCfg = Release|Any CPU
		{AF017659-4664-4FF5-B496-1FA69AF99F10}.Release|iPhoneSimulator.Build.0 = Release|Any CPU
	EndGlobalSection
	GlobalSection(SolutionProperties) = preSolution
		HideSolutionNode = FALSE
	EndGlobalSection
	GlobalSection(NestedProjects) = preSolution
		{27D92294-2B71-45D7-BD18-3D738D59A583} = {95309561-DBC9-4C2B-B647-5E2EB80BE712}
		{9A9728E6-979E-4EB7-9AEF-787DD63709CD} = {95309561-DBC9-4C2B-B647-5E2EB80BE712}
		{CC9FCF0F-95E2-4FD5-9F13-9B621747BE26} = {95309561-DBC9-4C2B-B647-5E2EB80BE712}
		{D7257889-E2F9-4369-BE11-A85A58F47986} = {95309561-DBC9-4C2B-B647-5E2EB80BE712}
		{017F0E28-C24B-4375-8AE3-EA54F386EDA9} = {95309561-DBC9-4C2B-B647-5E2EB80BE712}
		{14CF34E2-3C9E-4791-8B42-9FDACEC8C6A2} = {95309561-DBC9-4C2B-B647-5E2EB80BE712}
		{135C900B-2E90-446C-A071-C0501BCC32EE} = {95309561-DBC9-4C2B-B647-5E2EB80BE712}
		{A72B4EBC-8C68-43B3-A0AE-ECE35894AC6A} = {95309561-DBC9-4C2B-B647-5E2EB80BE712}
		{3D27A825-7D6C-4895-98DC-6038EE000C2C} = {95309561-DBC9-4C2B-B647-5E2EB80BE712}
		{14E7EDE8-D791-4ACC-942C-5710C26AAF3D} = {5839812A-A60F-4398-81F8-984A0894F4B1}
		{66CFB9DC-B671-4185-A672-8BDE603B6C66} = {5839812A-A60F-4398-81F8-984A0894F4B1}
		{15580D8E-9F60-4F3E-8508-221AF03238F5} = {5839812A-A60F-4398-81F8-984A0894F4B1}
		{BD4C80FA-4DEF-4CF1-B1EF-AE8B60575EFA} = {EA828C8D-E08F-42B8-B7ED-E4EAA0E6568D}
		{EA828C8D-E08F-42B8-B7ED-E4EAA0E6568D} = {64971A0E-2BED-4CF8-AFC9-19D9D58DE171}
		{8E3F8882-A620-4130-9415-CA97678A3423} = {64971A0E-2BED-4CF8-AFC9-19D9D58DE171}
		{AD3B0293-0432-4C0C-AB92-63DC632DD252} = {8E3F8882-A620-4130-9415-CA97678A3423}
		{1B684129-94D8-40A8-B2E4-4E2E5605749F} = {64971A0E-2BED-4CF8-AFC9-19D9D58DE171}
		{1F18A033-6F69-4DA4-A67E-79472FFAE362} = {1B684129-94D8-40A8-B2E4-4E2E5605749F}
		{87931C8F-94A8-4DD3-AD9B-4A5348CF038B} = {1B684129-94D8-40A8-B2E4-4E2E5605749F}
		{5D53E123-7831-4EFB-A4DD-FC693193A32E} = {64971A0E-2BED-4CF8-AFC9-19D9D58DE171}
		{743DEA06-01D0-48DD-85EC-A8965C744B64} = {5D53E123-7831-4EFB-A4DD-FC693193A32E}
		{7554B6D6-4878-4997-8901-9DCDF0D803F9} = {5D53E123-7831-4EFB-A4DD-FC693193A32E}
		{E49FA3A8-8AE3-4B55-B42B-FF7D37A976FE} = {64971A0E-2BED-4CF8-AFC9-19D9D58DE171}
		{128FDE1D-0954-4DB9-83C4-B438E04ABE79} = {64971A0E-2BED-4CF8-AFC9-19D9D58DE171}
		{50F1403D-C852-4CFA-AA9F-3E4A391CAE63} = {128FDE1D-0954-4DB9-83C4-B438E04ABE79}
		{B0E6A07C-083A-4690-B720-D7473B45FAA4} = {128FDE1D-0954-4DB9-83C4-B438E04ABE79}
		{4B7957AA-8A2F-4F35-AE94-59347A805B3A} = {128FDE1D-0954-4DB9-83C4-B438E04ABE79}
		{D232743B-098A-4352-AB12-42738598D956} = {5D53E123-7831-4EFB-A4DD-FC693193A32E}
		{9F858F87-6115-4BBA-82AB-DE217921E64E} = {5D53E123-7831-4EFB-A4DD-FC693193A32E}
		{307ECFD8-BA5F-48CC-8458-03CC2C2311FE} = {5D53E123-7831-4EFB-A4DD-FC693193A32E}
		{18B076A7-F9D6-4357-B98C-163C5EE50B73} = {9D161D05-43AB-4EB4-904E-C55370CD57A7}
		{05ED7C27-F77C-4E78-A72D-5DE06E83947E} = {18B076A7-F9D6-4357-B98C-163C5EE50B73}
		{5E09A2FC-4769-4606-B4D9-E3FA482979A7} = {18B076A7-F9D6-4357-B98C-163C5EE50B73}
		{F783B7D3-FFFD-4362-8DE4-D152350961DC} = {18B076A7-F9D6-4357-B98C-163C5EE50B73}
		{8570B614-07D2-437D-B921-D60CE3E05565} = {9D161D05-43AB-4EB4-904E-C55370CD57A7}
		{9BB5711D-A593-4A5A-83CE-DE87CF7CD2BF} = {8570B614-07D2-437D-B921-D60CE3E05565}
		{D2767A50-88B4-475B-8142-9223A2732833} = {8570B614-07D2-437D-B921-D60CE3E05565}
		{8DF4D807-99F4-4823-ABBE-A9AE998142EA} = {9D161D05-43AB-4EB4-904E-C55370CD57A7}
		{5517C3D9-D40D-449B-BB30-DC19D03619D0} = {8DF4D807-99F4-4823-ABBE-A9AE998142EA}
		{5B5B0E08-5A24-410D-9E9E-EDAF400D19BA} = {8DF4D807-99F4-4823-ABBE-A9AE998142EA}
		{3E00BD22-5635-47A7-84DC-5755ABD33BCA} = {8570B614-07D2-437D-B921-D60CE3E05565}
		{AF017659-4664-4FF5-B496-1FA69AF99F10} = {8570B614-07D2-437D-B921-D60CE3E05565}
	EndGlobalSection
	GlobalSection(ExtensibilityGlobals) = postSolution
		SolutionGuid = {84F08BD6-5A7E-457E-BB97-0994CB37C669}
	EndGlobalSection
EndGlobal
