
Microsoft Visual Studio Solution File, Format Version 12.00
# Visual Studio Version 17
VisualStudioVersion = 17.11.35312.102
MinimumVisualStudioVersion = 10.0.40219.1
Project("{FAE04EC0-301F-11D3-BF4B-00C04F79EFBC}") = "desktopowa", "desktopowa\desktopowa.csproj", "{EB073DA2-9E4C-408E-8F7F-ED3DB7AB3399}"
EndProject
Global
	GlobalSection(SolutionConfigurationPlatforms) = preSolution
		Debug|Any CPU = Debug|Any CPU
		Release|Any CPU = Release|Any CPU
	EndGlobalSection
	GlobalSection(ProjectConfigurationPlatforms) = postSolution
		{EB073DA2-9E4C-408E-8F7F-ED3DB7AB3399}.Debug|Any CPU.ActiveCfg = Debug|Any CPU
		{EB073DA2-9E4C-408E-8F7F-ED3DB7AB3399}.Debug|Any CPU.Build.0 = Debug|Any CPU
		{EB073DA2-9E4C-408E-8F7F-ED3DB7AB3399}.Debug|Any CPU.Deploy.0 = Debug|Any CPU
		{EB073DA2-9E4C-408E-8F7F-ED3DB7AB3399}.Release|Any CPU.ActiveCfg = Release|Any CPU
		{EB073DA2-9E4C-408E-8F7F-ED3DB7AB3399}.Release|Any CPU.Build.0 = Release|Any CPU
		{EB073DA2-9E4C-408E-8F7F-ED3DB7AB3399}.Release|Any CPU.Deploy.0 = Release|Any CPU
	EndGlobalSection
	GlobalSection(SolutionProperties) = preSolution
		HideSolutionNode = FALSE
	EndGlobalSection
	GlobalSection(ExtensibilityGlobals) = postSolution
		SolutionGuid = {1FB40ABA-B36A-49AF-B192-D5A5634B71C2}
	EndGlobalSection
EndGlobal
