
Microsoft Visual Studio Solution File, Format Version 12.00
# Visual Studio Version 17
VisualStudioVersion = 17.11.35222.181
MinimumVisualStudioVersion = 10.0.40219.1
Project("{9A19103F-16F7-4668-BE54-9A1E7A4F7556}") = "Zadanie Binarne", "Zadanie Binarne\Zadanie Binarne.csproj", "{D5CAE197-0A0B-4E9B-A88A-D3ED92B740FE}"
EndProject
Project("{2150E333-8FDC-42A3-9474-1A3956D46DE8}") = "Matura Grudzien", "Matura Grudzien", "{A967B497-461F-4C87-AE43-92E96C4EF924}"
EndProject
Project("{9A19103F-16F7-4668-BE54-9A1E7A4F7556}") = "Zadanie1", "Zadanie1\Zadanie1.csproj", "{B1450CE1-95BB-4795-A069-2DBAA30A0FBA}"
EndProject
Project("{9A19103F-16F7-4668-BE54-9A1E7A4F7556}") = "Zadanie3", "Zadanie3\Zadanie3.csproj", "{E1BCB095-5C8F-4932-8038-602CDE086112}"
EndProject
Project("{9A19103F-16F7-4668-BE54-9A1E7A4F7556}") = "Zadanie4.1", "Zadanie4\Zadanie4.1.csproj", "{75BAE3DF-24F6-419F-94DB-EA06D1BEBED3}"
EndProject
Project("{9A19103F-16F7-4668-BE54-9A1E7A4F7556}") = "Zadanie4.2", "Zadanie4.2\Zadanie4.2.csproj", "{399E2E07-3B41-4264-B215-0DFC3E732165}"
EndProject
Project("{2150E333-8FDC-42A3-9474-1A3956D46DE8}") = "Matura Maj 2022", "Matura Maj 2022", "{213AEF71-0E46-4CDD-8942-179B8DC6AFCE}"
EndProject
Project("{FAE04EC0-301F-11D3-BF4B-00C04F79EFBC}") = "Zadanie4.3", "Zadanie4.3\Zadanie4.3.csproj", "{F65C4517-F2CE-4A77-BC28-FEACBC47EF45}"
EndProject
Global
	GlobalSection(SolutionConfigurationPlatforms) = preSolution
		Debug|Any CPU = Debug|Any CPU
		Release|Any CPU = Release|Any CPU
	EndGlobalSection
	GlobalSection(ProjectConfigurationPlatforms) = postSolution
		{D5CAE197-0A0B-4E9B-A88A-D3ED92B740FE}.Debug|Any CPU.ActiveCfg = Debug|Any CPU
		{D5CAE197-0A0B-4E9B-A88A-D3ED92B740FE}.Debug|Any CPU.Build.0 = Debug|Any CPU
		{D5CAE197-0A0B-4E9B-A88A-D3ED92B740FE}.Release|Any CPU.ActiveCfg = Release|Any CPU
		{D5CAE197-0A0B-4E9B-A88A-D3ED92B740FE}.Release|Any CPU.Build.0 = Release|Any CPU
		{B1450CE1-95BB-4795-A069-2DBAA30A0FBA}.Debug|Any CPU.ActiveCfg = Debug|Any CPU
		{B1450CE1-95BB-4795-A069-2DBAA30A0FBA}.Debug|Any CPU.Build.0 = Debug|Any CPU
		{B1450CE1-95BB-4795-A069-2DBAA30A0FBA}.Release|Any CPU.ActiveCfg = Release|Any CPU
		{B1450CE1-95BB-4795-A069-2DBAA30A0FBA}.Release|Any CPU.Build.0 = Release|Any CPU
		{E1BCB095-5C8F-4932-8038-602CDE086112}.Debug|Any CPU.ActiveCfg = Debug|Any CPU
		{E1BCB095-5C8F-4932-8038-602CDE086112}.Debug|Any CPU.Build.0 = Debug|Any CPU
		{E1BCB095-5C8F-4932-8038-602CDE086112}.Release|Any CPU.ActiveCfg = Release|Any CPU
		{E1BCB095-5C8F-4932-8038-602CDE086112}.Release|Any CPU.Build.0 = Release|Any CPU
		{75BAE3DF-24F6-419F-94DB-EA06D1BEBED3}.Debug|Any CPU.ActiveCfg = Debug|Any CPU
		{75BAE3DF-24F6-419F-94DB-EA06D1BEBED3}.Debug|Any CPU.Build.0 = Debug|Any CPU
		{75BAE3DF-24F6-419F-94DB-EA06D1BEBED3}.Release|Any CPU.ActiveCfg = Release|Any CPU
		{75BAE3DF-24F6-419F-94DB-EA06D1BEBED3}.Release|Any CPU.Build.0 = Release|Any CPU
		{399E2E07-3B41-4264-B215-0DFC3E732165}.Debug|Any CPU.ActiveCfg = Debug|Any CPU
		{399E2E07-3B41-4264-B215-0DFC3E732165}.Debug|Any CPU.Build.0 = Debug|Any CPU
		{399E2E07-3B41-4264-B215-0DFC3E732165}.Release|Any CPU.ActiveCfg = Release|Any CPU
		{399E2E07-3B41-4264-B215-0DFC3E732165}.Release|Any CPU.Build.0 = Release|Any CPU
		{F65C4517-F2CE-4A77-BC28-FEACBC47EF45}.Debug|Any CPU.ActiveCfg = Debug|Any CPU
		{F65C4517-F2CE-4A77-BC28-FEACBC47EF45}.Debug|Any CPU.Build.0 = Debug|Any CPU
		{F65C4517-F2CE-4A77-BC28-FEACBC47EF45}.Release|Any CPU.ActiveCfg = Release|Any CPU
		{F65C4517-F2CE-4A77-BC28-FEACBC47EF45}.Release|Any CPU.Build.0 = Release|Any CPU
	EndGlobalSection
	GlobalSection(SolutionProperties) = preSolution
		HideSolutionNode = FALSE
	EndGlobalSection
	GlobalSection(NestedProjects) = preSolution
		{B1450CE1-95BB-4795-A069-2DBAA30A0FBA} = {A967B497-461F-4C87-AE43-92E96C4EF924}
		{75BAE3DF-24F6-419F-94DB-EA06D1BEBED3} = {213AEF71-0E46-4CDD-8942-179B8DC6AFCE}
		{399E2E07-3B41-4264-B215-0DFC3E732165} = {213AEF71-0E46-4CDD-8942-179B8DC6AFCE}
		{F65C4517-F2CE-4A77-BC28-FEACBC47EF45} = {213AEF71-0E46-4CDD-8942-179B8DC6AFCE}
	EndGlobalSection
	GlobalSection(ExtensibilityGlobals) = postSolution
		SolutionGuid = {31B0C1D9-580F-4B78-8279-AE5390154979}
	EndGlobalSection
EndGlobal
