
Microsoft Visual Studio Solution File, Format Version 12.00
# Visual Studio Version 17
VisualStudioVersion = 17.11.35327.3
MinimumVisualStudioVersion = 10.0.40219.1
Project("{FAE04EC0-301F-11D3-BF4B-00C04F79EFBC}") = "konsolowa", "konsolowa\konsolowa.csproj", "{0E04E164-1EBB-4FE2-BA07-D9C59E50F94D}"
EndProject
Global
	GlobalSection(SolutionConfigurationPlatforms) = preSolution
		Debug|Any CPU = Debug|Any CPU
		Release|Any CPU = Release|Any CPU
	EndGlobalSection
	GlobalSection(ProjectConfigurationPlatforms) = postSolution
		{0E04E164-1EBB-4FE2-BA07-D9C59E50F94D}.Debug|Any CPU.ActiveCfg = Debug|Any CPU
		{0E04E164-1EBB-4FE2-BA07-D9C59E50F94D}.Debug|Any CPU.Build.0 = Debug|Any CPU
		{0E04E164-1EBB-4FE2-BA07-D9C59E50F94D}.Release|Any CPU.ActiveCfg = Release|Any CPU
		{0E04E164-1EBB-4FE2-BA07-D9C59E50F94D}.Release|Any CPU.Build.0 = Release|Any CPU
	EndGlobalSection
	GlobalSection(SolutionProperties) = preSolution
		HideSolutionNode = FALSE
	EndGlobalSection
	GlobalSection(ExtensibilityGlobals) = postSolution
		SolutionGuid = {6F9B5DB8-C6B7-49DE-9CBB-DD4B0D708D87}
	EndGlobalSection
EndGlobal
